
Microsoft Visual Studio Solution File, Format Version 12.00
# Visual Studio Version 17
VisualStudioVersion = 17.1.32328.378
MinimumVisualStudioVersion = 10.0.40219.1
Project("{2150E333-8FDC-42A3-9474-1A3956D46DE8}") = "proto", "proto", "{3E5446E3-CD42-4103-95E0-2125F9B31E93}"
	ProjectSection(SolutionItems) = preProject
		sqrt.proto = sqrt.proto
	EndProjectSection
EndProject
Project("{FAE04EC0-301F-11D3-BF4B-00C04F79EFBC}") = "Client", "Client\Client.csproj", "{0BAC27EC-0BB1-414A-BA82-5371F3780285}"
EndProject
Project("{FAE04EC0-301F-11D3-BF4B-00C04F79EFBC}") = "Server", "Server\Server.csproj", "{4244F498-3EF2-4D34-9C7B-07EC3B110A40}"
EndProject
Global
	GlobalSection(SolutionConfigurationPlatforms) = preSolution
		Debug|Any CPU = Debug|Any CPU
		Release|Any CPU = Release|Any CPU
	EndGlobalSection
	GlobalSection(ProjectConfigurationPlatforms) = postSolution
		{0BAC27EC-0BB1-414A-BA82-5371F3780285}.Debug|Any CPU.ActiveCfg = Debug|Any CPU
		{0BAC27EC-0BB1-414A-BA82-5371F3780285}.Debug|Any CPU.Build.0 = Debug|Any CPU
		{0BAC27EC-0BB1-414A-BA82-5371F3780285}.Release|Any CPU.ActiveCfg = Release|Any CPU
		{0BAC27EC-0BB1-414A-BA82-5371F3780285}.Release|Any CPU.Build.0 = Release|Any CPU
		{4244F498-3EF2-4D34-9C7B-07EC3B110A40}.Debug|Any CPU.ActiveCfg = Debug|Any CPU
		{4244F498-3EF2-4D34-9C7B-07EC3B110A40}.Debug|Any CPU.Build.0 = Debug|Any CPU
		{4244F498-3EF2-4D34-9C7B-07EC3B110A40}.Release|Any CPU.ActiveCfg = Release|Any CPU
		{4244F498-3EF2-4D34-9C7B-07EC3B110A40}.Release|Any CPU.Build.0 = Release|Any CPU
	EndGlobalSection
	GlobalSection(SolutionProperties) = preSolution
		HideSolutionNode = FALSE
	EndGlobalSection
	GlobalSection(ExtensibilityGlobals) = postSolution
		SolutionGuid = {63A7A02D-977C-4373-9D83-E5414F6C127D}
	EndGlobalSection
EndGlobal
